
Microsoft Visual Studio Solution File, Format Version 12.00
# Visual Studio Version 17
VisualStudioVersion = 17.5.33424.131
MinimumVisualStudioVersion = 10.0.40219.1
Project("{FAE04EC0-301F-11D3-BF4B-00C04F79EFBC}") = "Teackinggg", "Teackinggg\Teackinggg.csproj", "{7DA0C18E-E365-440C-BB34-E2421B8214AA}"
EndProject
Global
	GlobalSection(SolutionConfigurationPlatforms) = preSolution
		Debug|Any CPU = Debug|Any CPU
		Release|Any CPU = Release|Any CPU
	EndGlobalSection
	GlobalSection(ProjectConfigurationPlatforms) = postSolution
		{7DA0C18E-E365-440C-BB34-E2421B8214AA}.Debug|Any CPU.ActiveCfg = Debug|Any CPU
		{7DA0C18E-E365-440C-BB34-E2421B8214AA}.Debug|Any CPU.Build.0 = Debug|Any CPU
		{7DA0C18E-E365-440C-BB34-E2421B8214AA}.Release|Any CPU.ActiveCfg = Release|Any CPU
		{7DA0C18E-E365-440C-BB34-E2421B8214AA}.Release|Any CPU.Build.0 = Release|Any CPU
	EndGlobalSection
	GlobalSection(SolutionProperties) = preSolution
		HideSolutionNode = FALSE
	EndGlobalSection
	GlobalSection(ExtensibilityGlobals) = postSolution
		SolutionGuid = {818C119C-FF49-425F-8803-68B3CB50F0B4}
	EndGlobalSection
EndGlobal
